
Microsoft Visual Studio Solution File, Format Version 12.00
# Visual Studio Version 16
VisualStudioVersion = 16.0.30621.155
MinimumVisualStudioVersion = 10.0.40219.1
Project("{FAE04EC0-301F-11D3-BF4B-00C04F79EFBC}") = "LvanaScope", "LvanaScope\LvanaScope.csproj", "{08BBD28D-43F1-40D3-B426-5F0B42A8BB7C}"
EndProject
Global
	GlobalSection(SolutionConfigurationPlatforms) = preSolution
		Debug|Any CPU = Debug|Any CPU
		Release|Any CPU = Release|Any CPU
	EndGlobalSection
	GlobalSection(ProjectConfigurationPlatforms) = postSolution
		{08BBD28D-43F1-40D3-B426-5F0B42A8BB7C}.Debug|Any CPU.ActiveCfg = Debug|Any CPU
		{08BBD28D-43F1-40D3-B426-5F0B42A8BB7C}.Debug|Any CPU.Build.0 = Debug|Any CPU
		{08BBD28D-43F1-40D3-B426-5F0B42A8BB7C}.Release|Any CPU.ActiveCfg = Release|Any CPU
		{08BBD28D-43F1-40D3-B426-5F0B42A8BB7C}.Release|Any CPU.Build.0 = Release|Any CPU
	EndGlobalSection
	GlobalSection(SolutionProperties) = preSolution
		HideSolutionNode = FALSE
	EndGlobalSection
	GlobalSection(ExtensibilityGlobals) = postSolution
		SolutionGuid = {264B1A32-8809-4E43-AD7B-EDACCDFB9F42}
	EndGlobalSection
EndGlobal
